
Microsoft Visual Studio Solution File, Format Version 12.00
Project("{FAE04EC0-301F-11D3-BF4B-00C04F79EFBC}") = "ExemplosPraticos", "ExemplosPraticos.csproj", "{B04ADC37-91D8-43F1-A00B-B8260E35F82C}"
EndProject
Project("{FAE04EC0-301F-11D3-BF4B-00C04F79EFBC}") = "Exemplo1", "Exemplo1\Exemplo1.csproj", "{B8F999EB-BBB6-4FE9-BF06-0FEBABD962D3}"
EndProject
Global
	GlobalSection(SolutionConfigurationPlatforms) = preSolution
		Debug|Any CPU = Debug|Any CPU
		Release|Any CPU = Release|Any CPU
	EndGlobalSection
	GlobalSection(ProjectConfigurationPlatforms) = postSolution
		{B04ADC37-91D8-43F1-A00B-B8260E35F82C}.Debug|Any CPU.ActiveCfg = Debug|Any CPU
		{B04ADC37-91D8-43F1-A00B-B8260E35F82C}.Debug|Any CPU.Build.0 = Debug|Any CPU
		{B04ADC37-91D8-43F1-A00B-B8260E35F82C}.Release|Any CPU.ActiveCfg = Release|Any CPU
		{B04ADC37-91D8-43F1-A00B-B8260E35F82C}.Release|Any CPU.Build.0 = Release|Any CPU
		{B8F999EB-BBB6-4FE9-BF06-0FEBABD962D3}.Debug|Any CPU.ActiveCfg = Debug|Any CPU
		{B8F999EB-BBB6-4FE9-BF06-0FEBABD962D3}.Debug|Any CPU.Build.0 = Debug|Any CPU
		{B8F999EB-BBB6-4FE9-BF06-0FEBABD962D3}.Release|Any CPU.ActiveCfg = Release|Any CPU
		{B8F999EB-BBB6-4FE9-BF06-0FEBABD962D3}.Release|Any CPU.Build.0 = Release|Any CPU
	EndGlobalSection
EndGlobal
